
Microsoft Visual Studio Solution File, Format Version 12.00
# Visual Studio Version 16
VisualStudioVersion = 16.0.31112.23
MinimumVisualStudioVersion = 10.0.40219.1
Project("{FAE04EC0-301F-11D3-BF4B-00C04F79EFBC}") = "C-Sharp_Class07_class-code01", "C-Sharp_Class07_class-code01\C-Sharp_Class07_class-code01.csproj", "{56D6A2AB-550B-4930-BDAE-FD558A9F112E}"
EndProject
Global
	GlobalSection(SolutionConfigurationPlatforms) = preSolution
		Debug|Any CPU = Debug|Any CPU
		Release|Any CPU = Release|Any CPU
	EndGlobalSection
	GlobalSection(ProjectConfigurationPlatforms) = postSolution
		{56D6A2AB-550B-4930-BDAE-FD558A9F112E}.Debug|Any CPU.ActiveCfg = Debug|Any CPU
		{56D6A2AB-550B-4930-BDAE-FD558A9F112E}.Debug|Any CPU.Build.0 = Debug|Any CPU
		{56D6A2AB-550B-4930-BDAE-FD558A9F112E}.Release|Any CPU.ActiveCfg = Release|Any CPU
		{56D6A2AB-550B-4930-BDAE-FD558A9F112E}.Release|Any CPU.Build.0 = Release|Any CPU
	EndGlobalSection
	GlobalSection(SolutionProperties) = preSolution
		HideSolutionNode = FALSE
	EndGlobalSection
	GlobalSection(ExtensibilityGlobals) = postSolution
		SolutionGuid = {15ADF187-925D-44F1-AAC6-80ADAF51C354}
	EndGlobalSection
EndGlobal
