
Microsoft Visual Studio Solution File, Format Version 12.00
# Visual Studio Version 16
VisualStudioVersion = 16.0.31112.23
MinimumVisualStudioVersion = 10.0.40219.1
Project("{9A19103F-16F7-4668-BE54-9A1E7A4F7556}") = "C-Sharp_Class05_intro", "C-Sharp_Class05_intro\C-Sharp_Class05_intro.csproj", "{745896E8-D2A6-46C5-BB50-E2C6E7242770}"
EndProject
Project("{FAE04EC0-301F-11D3-BF4B-00C04F79EFBC}") = "C-Sharp_Class05_homework01", "C-Sharp_Class05_homework01\C-Sharp_Class05_homework01.csproj", "{8CEA1DB4-BD99-44A2-8001-E3CAAB6F0C6D}"
EndProject
Project("{2150E333-8FDC-42A3-9474-1A3956D46DE8}") = "Solution Items", "Solution Items", "{65D81832-9E80-4F06-BBF2-627426520BCF}"
	ProjectSection(SolutionItems) = preProject
		TextFile1.txt = TextFile1.txt
	EndProjectSection
EndProject
Global
	GlobalSection(SolutionConfigurationPlatforms) = preSolution
		Debug|Any CPU = Debug|Any CPU
		Release|Any CPU = Release|Any CPU
	EndGlobalSection
	GlobalSection(ProjectConfigurationPlatforms) = postSolution
		{745896E8-D2A6-46C5-BB50-E2C6E7242770}.Debug|Any CPU.ActiveCfg = Debug|Any CPU
		{745896E8-D2A6-46C5-BB50-E2C6E7242770}.Debug|Any CPU.Build.0 = Debug|Any CPU
		{745896E8-D2A6-46C5-BB50-E2C6E7242770}.Release|Any CPU.ActiveCfg = Release|Any CPU
		{745896E8-D2A6-46C5-BB50-E2C6E7242770}.Release|Any CPU.Build.0 = Release|Any CPU
		{8CEA1DB4-BD99-44A2-8001-E3CAAB6F0C6D}.Debug|Any CPU.ActiveCfg = Debug|Any CPU
		{8CEA1DB4-BD99-44A2-8001-E3CAAB6F0C6D}.Debug|Any CPU.Build.0 = Debug|Any CPU
		{8CEA1DB4-BD99-44A2-8001-E3CAAB6F0C6D}.Release|Any CPU.ActiveCfg = Release|Any CPU
		{8CEA1DB4-BD99-44A2-8001-E3CAAB6F0C6D}.Release|Any CPU.Build.0 = Release|Any CPU
	EndGlobalSection
	GlobalSection(SolutionProperties) = preSolution
		HideSolutionNode = FALSE
	EndGlobalSection
	GlobalSection(ExtensibilityGlobals) = postSolution
		SolutionGuid = {AE83B434-B3DD-4106-8D18-AA20DD87E314}
	EndGlobalSection
EndGlobal
