
Microsoft Visual Studio Solution File, Format Version 12.00
# Visual Studio Version 16
VisualStudioVersion = 16.0.31112.23
MinimumVisualStudioVersion = 10.0.40219.1
Project("{FAE04EC0-301F-11D3-BF4B-00C04F79EFBC}") = "C-Sharp_Class06_ClassCode", "C-Sharp_Class06_ClassCode\C-Sharp_Class06_ClassCode.csproj", "{0095861E-0D99-41FE-956B-4E3248258E5F}"
EndProject
Global
	GlobalSection(SolutionConfigurationPlatforms) = preSolution
		Debug|Any CPU = Debug|Any CPU
		Release|Any CPU = Release|Any CPU
	EndGlobalSection
	GlobalSection(ProjectConfigurationPlatforms) = postSolution
		{0095861E-0D99-41FE-956B-4E3248258E5F}.Debug|Any CPU.ActiveCfg = Debug|Any CPU
		{0095861E-0D99-41FE-956B-4E3248258E5F}.Debug|Any CPU.Build.0 = Debug|Any CPU
		{0095861E-0D99-41FE-956B-4E3248258E5F}.Release|Any CPU.ActiveCfg = Release|Any CPU
		{0095861E-0D99-41FE-956B-4E3248258E5F}.Release|Any CPU.Build.0 = Release|Any CPU
	EndGlobalSection
	GlobalSection(SolutionProperties) = preSolution
		HideSolutionNode = FALSE
	EndGlobalSection
	GlobalSection(ExtensibilityGlobals) = postSolution
		SolutionGuid = {F5DC9913-438F-4A2E-A019-D47C328EF8AD}
	EndGlobalSection
EndGlobal
