
Microsoft Visual Studio Solution File, Format Version 12.00
# Visual Studio Version 16
VisualStudioVersion = 16.0.31112.23
MinimumVisualStudioVersion = 10.0.40219.1
Project("{FAE04EC0-301F-11D3-BF4B-00C04F79EFBC}") = "Class03_exercises", "Class03_exercises\Class03_exercises.csproj", "{84369D6A-B25A-4055-8990-400C39027E04}"
EndProject
Global
	GlobalSection(SolutionConfigurationPlatforms) = preSolution
		Debug|Any CPU = Debug|Any CPU
		Release|Any CPU = Release|Any CPU
	EndGlobalSection
	GlobalSection(ProjectConfigurationPlatforms) = postSolution
		{84369D6A-B25A-4055-8990-400C39027E04}.Debug|Any CPU.ActiveCfg = Debug|Any CPU
		{84369D6A-B25A-4055-8990-400C39027E04}.Debug|Any CPU.Build.0 = Debug|Any CPU
		{84369D6A-B25A-4055-8990-400C39027E04}.Release|Any CPU.ActiveCfg = Release|Any CPU
		{84369D6A-B25A-4055-8990-400C39027E04}.Release|Any CPU.Build.0 = Release|Any CPU
	EndGlobalSection
	GlobalSection(SolutionProperties) = preSolution
		HideSolutionNode = FALSE
	EndGlobalSection
	GlobalSection(ExtensibilityGlobals) = postSolution
		SolutionGuid = {0CDAECD9-5F3C-43AC-807B-F0BA6ABFBF20}
	EndGlobalSection
EndGlobal
